
Microsoft Visual Studio Solution File, Format Version 12.00
# Visual Studio 15
VisualStudioVersion = 15.0.26124.0
MinimumVisualStudioVersion = 15.0.26124.0
Project("{FAE04EC0-301F-11D3-BF4B-00C04F79EFBC}") = "CloudAuditionApi", "CloudAuditionApi\CloudAuditionApi.csproj", "{24A761FC-771D-4B4A-88CC-6B29EFAF29E7}"
EndProject
Project("{FAE04EC0-301F-11D3-BF4B-00C04F79EFBC}") = "CloudAuditionApi.Tests", "CloudAuditionApi.Tests\CloudAuditionApi.Tests.csproj", "{DF85C606-3EB3-41E4-A83A-5E13E6E04F24}"
EndProject
Global
	GlobalSection(SolutionConfigurationPlatforms) = preSolution
		Debug|Any CPU = Debug|Any CPU
		Debug|x64 = Debug|x64
		Debug|x86 = Debug|x86
		Release|Any CPU = Release|Any CPU
		Release|x64 = Release|x64
		Release|x86 = Release|x86
	EndGlobalSection
	GlobalSection(SolutionProperties) = preSolution
		HideSolutionNode = FALSE
	EndGlobalSection
	GlobalSection(ProjectConfigurationPlatforms) = postSolution
		{24A761FC-771D-4B4A-88CC-6B29EFAF29E7}.Debug|Any CPU.ActiveCfg = Debug|Any CPU
		{24A761FC-771D-4B4A-88CC-6B29EFAF29E7}.Debug|Any CPU.Build.0 = Debug|Any CPU
		{24A761FC-771D-4B4A-88CC-6B29EFAF29E7}.Debug|x64.ActiveCfg = Debug|Any CPU
		{24A761FC-771D-4B4A-88CC-6B29EFAF29E7}.Debug|x64.Build.0 = Debug|Any CPU
		{24A761FC-771D-4B4A-88CC-6B29EFAF29E7}.Debug|x86.ActiveCfg = Debug|Any CPU
		{24A761FC-771D-4B4A-88CC-6B29EFAF29E7}.Debug|x86.Build.0 = Debug|Any CPU
		{24A761FC-771D-4B4A-88CC-6B29EFAF29E7}.Release|Any CPU.ActiveCfg = Release|Any CPU
		{24A761FC-771D-4B4A-88CC-6B29EFAF29E7}.Release|Any CPU.Build.0 = Release|Any CPU
		{24A761FC-771D-4B4A-88CC-6B29EFAF29E7}.Release|x64.ActiveCfg = Release|Any CPU
		{24A761FC-771D-4B4A-88CC-6B29EFAF29E7}.Release|x64.Build.0 = Release|Any CPU
		{24A761FC-771D-4B4A-88CC-6B29EFAF29E7}.Release|x86.ActiveCfg = Release|Any CPU
		{24A761FC-771D-4B4A-88CC-6B29EFAF29E7}.Release|x86.Build.0 = Release|Any CPU
		{DF85C606-3EB3-41E4-A83A-5E13E6E04F24}.Debug|Any CPU.ActiveCfg = Debug|Any CPU
		{DF85C606-3EB3-41E4-A83A-5E13E6E04F24}.Debug|Any CPU.Build.0 = Debug|Any CPU
		{DF85C606-3EB3-41E4-A83A-5E13E6E04F24}.Debug|x64.ActiveCfg = Debug|Any CPU
		{DF85C606-3EB3-41E4-A83A-5E13E6E04F24}.Debug|x64.Build.0 = Debug|Any CPU
		{DF85C606-3EB3-41E4-A83A-5E13E6E04F24}.Debug|x86.ActiveCfg = Debug|Any CPU
		{DF85C606-3EB3-41E4-A83A-5E13E6E04F24}.Debug|x86.Build.0 = Debug|Any CPU
		{DF85C606-3EB3-41E4-A83A-5E13E6E04F24}.Release|Any CPU.ActiveCfg = Release|Any CPU
		{DF85C606-3EB3-41E4-A83A-5E13E6E04F24}.Release|Any CPU.Build.0 = Release|Any CPU
		{DF85C606-3EB3-41E4-A83A-5E13E6E04F24}.Release|x64.ActiveCfg = Release|Any CPU
		{DF85C606-3EB3-41E4-A83A-5E13E6E04F24}.Release|x64.Build.0 = Release|Any CPU
		{DF85C606-3EB3-41E4-A83A-5E13E6E04F24}.Release|x86.ActiveCfg = Release|Any CPU
		{DF85C606-3EB3-41E4-A83A-5E13E6E04F24}.Release|x86.Build.0 = Release|Any CPU
	EndGlobalSection
EndGlobal
